
Microsoft Visual Studio Solution File, Format Version 12.00
# Visual Studio Version 17
VisualStudioVersion = 17.10.35027.167
MinimumVisualStudioVersion = 10.0.40219.1
Project("{9A19103F-16F7-4668-BE54-9A1E7A4F7556}") = "Umbraco14", "Umbraco14.csproj", "{7B6728AC-3C8E-4740-95F7-57A063464DA2}"
EndProject
Global
	GlobalSection(SolutionConfigurationPlatforms) = preSolution
		Debug|Any CPU = Debug|Any CPU
		Release|Any CPU = Release|Any CPU
	EndGlobalSection
	GlobalSection(ProjectConfigurationPlatforms) = postSolution
		{7B6728AC-3C8E-4740-95F7-57A063464DA2}.Debug|Any CPU.ActiveCfg = Debug|Any CPU
		{7B6728AC-3C8E-4740-95F7-57A063464DA2}.Debug|Any CPU.Build.0 = Debug|Any CPU
		{7B6728AC-3C8E-4740-95F7-57A063464DA2}.Release|Any CPU.ActiveCfg = Release|Any CPU
		{7B6728AC-3C8E-4740-95F7-57A063464DA2}.Release|Any CPU.Build.0 = Release|Any CPU
	EndGlobalSection
	GlobalSection(SolutionProperties) = preSolution
		HideSolutionNode = FALSE
	EndGlobalSection
	GlobalSection(ExtensibilityGlobals) = postSolution
		SolutionGuid = {3C93D3AB-6273-4F8C-918E-EFA52DB8E860}
	EndGlobalSection
EndGlobal
